
Microsoft Visual Studio Solution File, Format Version 12.00
# Visual Studio Version 17
VisualStudioVersion = 17.14.36804.6 d17.14
MinimumVisualStudioVersion = 10.0.40219.1
Project("{FAE04EC0-301F-11D3-BF4B-00C04F79EFBC}") = "PatientAppointmentSystem", "PatientAppointmentSystem\PatientAppointmentSystem.csproj", "{11EC4B57-45A1-4112-AE5A-54C97DCB19CB}"
EndProject
Global
	GlobalSection(SolutionConfigurationPlatforms) = preSolution
		Debug|Any CPU = Debug|Any CPU
		Release|Any CPU = Release|Any CPU
	EndGlobalSection
	GlobalSection(ProjectConfigurationPlatforms) = postSolution
		{11EC4B57-45A1-4112-AE5A-54C97DCB19CB}.Debug|Any CPU.ActiveCfg = Debug|Any CPU
		{11EC4B57-45A1-4112-AE5A-54C97DCB19CB}.Debug|Any CPU.Build.0 = Debug|Any CPU
		{11EC4B57-45A1-4112-AE5A-54C97DCB19CB}.Release|Any CPU.ActiveCfg = Release|Any CPU
		{11EC4B57-45A1-4112-AE5A-54C97DCB19CB}.Release|Any CPU.Build.0 = Release|Any CPU
	EndGlobalSection
	GlobalSection(SolutionProperties) = preSolution
		HideSolutionNode = FALSE
	EndGlobalSection
	GlobalSection(ExtensibilityGlobals) = postSolution
		SolutionGuid = {69880B49-95C9-4ADB-A41D-5D7AE04912F3}
	EndGlobalSection
EndGlobal
